{
  "requires": true,
  "lockfileVersion": 1,
  "dependencies": {
    "@ungap/url-search-params": {
      "version": "0.2.2",
      "resolved": "https://registry.npmjs.org/@ungap/url-search-params/-/url-search-params-0.2.2.tgz",
      "integrity": "sha512-qQsguKXZVKdCixOHX9jqnX/K/1HekPDpGKyEcXHT+zR6EjGA7S4boSuelL4uuPv6YfhN0n8c4UxW+v/Z3gM2iw=="
    },
    "abort-controller": {
      "version": "3.0.0",
      "resolved": "https://registry.npmjs.org/abort-controller/-/abort-controller-3.0.0.tgz",
      "integrity": "sha512-h8lQ8tacZYnR3vNQTgibj+tODHI5/+l06Au2Pcriv/Gmet0eaj4TwWH41sO9wnHDiQsEj19q0drzdWdeAHtweg==",
      "requires": {
        "event-target-shim": "^5.0.0"
      }
    },
    "data-uri-to-buffer": {
      "version": "3.0.1",
      "resolved": "https://registry.npmjs.org/data-uri-to-buffer/-/data-uri-to-buffer-3.0.1.tgz",
      "integrity": "sha512-WboRycPNsVw3B3TL559F7kuBUM4d8CgMEvk6xEJlOp7OBPjt6G7z8WMWlD2rOFZLk6OYfFIUGsCOWzcQH9K2og=="
    },
    "event-target-shim": {
      "version": "5.0.1",
      "resolved": "https://registry.npmjs.org/event-target-shim/-/event-target-shim-5.0.1.tgz",
      "integrity": "sha512-i/2XbnSz/uxRCU6+NdVJgKWDTM427+MqYbkQzD321DuCQJUqOuJKIA0IM2+W2xtYHdKOmZ4dR6fExsd4SXL+WQ=="
    },
    "fetch-blob": {
      "version": "2.1.2",
      "resolved": "https://registry.npmjs.org/fetch-blob/-/fetch-blob-2.1.2.tgz",
      "integrity": "sha512-YKqtUDwqLyfyMnmbw8XD6Q8j9i/HggKtPEI+pZ1+8bvheBu78biSmNaXWusx1TauGqtUUGx/cBb1mKdq2rLYow=="
    },
    "imdb-api": {
      "version": "4.4.1",
      "resolved": "https://registry.npmjs.org/imdb-api/-/imdb-api-4.4.1.tgz",
      "integrity": "sha512-bd2beJWHLDlB7iGsCNcGfQR0ioDCgUdOo42vDP/laTdEHrkzp7Dnj4ysXBp74mBJj1AMZntdoeBbmwEBpfamEg==",
      "requires": {
        "@ungap/url-search-params": "^0.2.2",
        "ky": "^0.24.0",
        "ky-universal": "^0.8.2"
      }
    },
    "ky": {
      "version": "0.24.0",
      "resolved": "https://registry.npmjs.org/ky/-/ky-0.24.0.tgz",
      "integrity": "sha512-/vpuQguwV30jErrqLpoaU/YJAFALrUkqqWLILnSoBOj5/O/LKzro/pPNtxbLgY6m4w5XNM6YZ3v7/or8qLlFuw=="
    },
    "ky-universal": {
      "version": "0.8.2",
      "resolved": "https://registry.npmjs.org/ky-universal/-/ky-universal-0.8.2.tgz",
      "integrity": "sha512-xe0JaOH9QeYxdyGLnzUOVGK4Z6FGvDVzcXFTdrYA1f33MZdEa45sUDaMBy98xQMcsd2XIBrTXRrRYnegcSdgVQ==",
      "requires": {
        "abort-controller": "^3.0.0",
        "node-fetch": "3.0.0-beta.9"
      }
    },
    "node-fetch": {
      "version": "3.0.0-beta.9",
      "resolved": "https://registry.npmjs.org/node-fetch/-/node-fetch-3.0.0-beta.9.tgz",
      "integrity": "sha512-RdbZCEynH2tH46+tj0ua9caUHVWrd/RHnRfvly2EVdqGmI3ndS1Vn/xjm5KuGejDt2RNDQsVRLPNd2QPwcewVg==",
      "requires": {
        "data-uri-to-buffer": "^3.0.1",
        "fetch-blob": "^2.1.1"
      }
    }
  }
}
